
Microsoft Visual Studio Solution File, Format Version 12.00
# Visual Studio Version 16
VisualStudioVersion = 16.0.31624.102
MinimumVisualStudioVersion = 10.0.40219.1
Project("{FAE04EC0-301F-11D3-BF4B-00C04F79EFBC}") = "Task-converter-JSON-XML", "Task-converter-JSON-XML.csproj", "{51F0FD21-9BFA-42BE-B2B8-F230DBE2B417}"
EndProject
Global
	GlobalSection(SolutionConfigurationPlatforms) = preSolution
		Debug|Any CPU = Debug|Any CPU
		Release|Any CPU = Release|Any CPU
	EndGlobalSection
	GlobalSection(ProjectConfigurationPlatforms) = postSolution
		{51F0FD21-9BFA-42BE-B2B8-F230DBE2B417}.Debug|Any CPU.ActiveCfg = Debug|Any CPU
		{51F0FD21-9BFA-42BE-B2B8-F230DBE2B417}.Debug|Any CPU.Build.0 = Debug|Any CPU
		{51F0FD21-9BFA-42BE-B2B8-F230DBE2B417}.Release|Any CPU.ActiveCfg = Release|Any CPU
		{51F0FD21-9BFA-42BE-B2B8-F230DBE2B417}.Release|Any CPU.Build.0 = Release|Any CPU
	EndGlobalSection
	GlobalSection(SolutionProperties) = preSolution
		HideSolutionNode = FALSE
	EndGlobalSection
	GlobalSection(ExtensibilityGlobals) = postSolution
		SolutionGuid = {5B0153C6-18A4-433B-B372-8D02278F3263}
	EndGlobalSection
EndGlobal
